
Microsoft Visual Studio Solution File, Format Version 12.00
# Visual Studio Version 17
VisualStudioVersion = 17.9.34723.18
MinimumVisualStudioVersion = 10.0.40219.1
Project("{8BC9CEB8-8B4A-11D0-8D11-00A0C91BC942}") = "Pertemuan 12.1 (Stream and Writer)", "Pertemuan 12 (Stream and Writer).vcxproj", "{640367E0-C74E-4C41-825C-25FCFEE1B82F}"
EndProject
Project("{8BC9CEB8-8B4A-11D0-8D11-00A0C91BC942}") = "Pertemuan 12.2 (ioFilewithPath)", "Pertemuan 12.2 (ioFilewithPath)\Pertemuan 12.2 (ioFilewithPath).vcxproj", "{76AAC03D-D18D-48D6-8124-B68705668F3F}"
EndProject
Project("{8BC9CEB8-8B4A-11D0-8D11-00A0C91BC942}") = "Pertemuan 12.3 (Manual Execption)", "Pertemuan 12.3 (Manual Execption)\Pertemuan 12.3 (Manual Execption).vcxproj", "{94D89A84-54E4-43F3-AA4D-1F62FA23AF8E}"
EndProject
Project("{8BC9CEB8-8B4A-11D0-8D11-00A0C91BC942}") = "Pertemuan 12.4 (Exeption standard)", "Pertemuan 12.4 (Exeption standard)\Pertemuan 12.4 (Exeption standard).vcxproj", "{FAE6D4B6-F57B-482E-8B5F-9B522D73E274}"
EndProject
Global
	GlobalSection(SolutionConfigurationPlatforms) = preSolution
		Debug|x64 = Debug|x64
		Debug|x86 = Debug|x86
		Release|x64 = Release|x64
		Release|x86 = Release|x86
	EndGlobalSection
	GlobalSection(ProjectConfigurationPlatforms) = postSolution
		{640367E0-C74E-4C41-825C-25FCFEE1B82F}.Debug|x64.ActiveCfg = Debug|x64
		{640367E0-C74E-4C41-825C-25FCFEE1B82F}.Debug|x64.Build.0 = Debug|x64
		{640367E0-C74E-4C41-825C-25FCFEE1B82F}.Debug|x86.ActiveCfg = Debug|Win32
		{640367E0-C74E-4C41-825C-25FCFEE1B82F}.Debug|x86.Build.0 = Debug|Win32
		{640367E0-C74E-4C41-825C-25FCFEE1B82F}.Release|x64.ActiveCfg = Release|x64
		{640367E0-C74E-4C41-825C-25FCFEE1B82F}.Release|x64.Build.0 = Release|x64
		{640367E0-C74E-4C41-825C-25FCFEE1B82F}.Release|x86.ActiveCfg = Release|Win32
		{640367E0-C74E-4C41-825C-25FCFEE1B82F}.Release|x86.Build.0 = Release|Win32
		{76AAC03D-D18D-48D6-8124-B68705668F3F}.Debug|x64.ActiveCfg = Debug|x64
		{76AAC03D-D18D-48D6-8124-B68705668F3F}.Debug|x64.Build.0 = Debug|x64
		{76AAC03D-D18D-48D6-8124-B68705668F3F}.Debug|x86.ActiveCfg = Debug|Win32
		{76AAC03D-D18D-48D6-8124-B68705668F3F}.Debug|x86.Build.0 = Debug|Win32
		{76AAC03D-D18D-48D6-8124-B68705668F3F}.Release|x64.ActiveCfg = Release|x64
		{76AAC03D-D18D-48D6-8124-B68705668F3F}.Release|x64.Build.0 = Release|x64
		{76AAC03D-D18D-48D6-8124-B68705668F3F}.Release|x86.ActiveCfg = Release|Win32
		{76AAC03D-D18D-48D6-8124-B68705668F3F}.Release|x86.Build.0 = Release|Win32
		{94D89A84-54E4-43F3-AA4D-1F62FA23AF8E}.Debug|x64.ActiveCfg = Debug|x64
		{94D89A84-54E4-43F3-AA4D-1F62FA23AF8E}.Debug|x64.Build.0 = Debug|x64
		{94D89A84-54E4-43F3-AA4D-1F62FA23AF8E}.Debug|x86.ActiveCfg = Debug|Win32
		{94D89A84-54E4-43F3-AA4D-1F62FA23AF8E}.Debug|x86.Build.0 = Debug|Win32
		{94D89A84-54E4-43F3-AA4D-1F62FA23AF8E}.Release|x64.ActiveCfg = Release|x64
		{94D89A84-54E4-43F3-AA4D-1F62FA23AF8E}.Release|x64.Build.0 = Release|x64
		{94D89A84-54E4-43F3-AA4D-1F62FA23AF8E}.Release|x86.ActiveCfg = Release|Win32
		{94D89A84-54E4-43F3-AA4D-1F62FA23AF8E}.Release|x86.Build.0 = Release|Win32
		{FAE6D4B6-F57B-482E-8B5F-9B522D73E274}.Debug|x64.ActiveCfg = Debug|x64
		{FAE6D4B6-F57B-482E-8B5F-9B522D73E274}.Debug|x64.Build.0 = Debug|x64
		{FAE6D4B6-F57B-482E-8B5F-9B522D73E274}.Debug|x86.ActiveCfg = Debug|Win32
		{FAE6D4B6-F57B-482E-8B5F-9B522D73E274}.Debug|x86.Build.0 = Debug|Win32
		{FAE6D4B6-F57B-482E-8B5F-9B522D73E274}.Release|x64.ActiveCfg = Release|x64
		{FAE6D4B6-F57B-482E-8B5F-9B522D73E274}.Release|x64.Build.0 = Release|x64
		{FAE6D4B6-F57B-482E-8B5F-9B522D73E274}.Release|x86.ActiveCfg = Release|Win32
		{FAE6D4B6-F57B-482E-8B5F-9B522D73E274}.Release|x86.Build.0 = Release|Win32
	EndGlobalSection
	GlobalSection(SolutionProperties) = preSolution
		HideSolutionNode = FALSE
	EndGlobalSection
	GlobalSection(ExtensibilityGlobals) = postSolution
		SolutionGuid = {21DF0B74-2AA8-4CA4-81F3-C342C85DA111}
	EndGlobalSection
EndGlobal
